// !$*UTF8*$!
{
	archiveVersion = 1;
	classes = {
	};
	objectVersion = 50;
	objects = {

/* Begin PBXBuildFile section */
		0728497F24929E7400B7AEBC /* drop.wav in Resources */ = {isa = PBXBuildFile; fileRef = 0728497E24929E7400B7AEBC /* drop.wav */; };
		07298BB724887E0300D154D2 /* AppDelegate.swift in Sources */ = {isa = PBXBuildFile; fileRef = 07298BB624887E0300D154D2 /* AppDelegate.swift */; };
		07298BBB24887E0300D154D2 /* ViewController.swift in Sources */ = {isa = PBXBuildFile; fileRef = 07298BBA24887E0300D154D2 /* ViewController.swift */; };
		07298BBE24887E0300D154D2 /* Main.storyboard in Resources */ = {isa = PBXBuildFile; fileRef = 07298BBC24887E0300D154D2 /* Main.storyboard */; };
		07298BC024887E0300D154D2 /* Assets.xcassets in Resources */ = {isa = PBXBuildFile; fileRef = 07298BBF24887E0300D154D2 /* Assets.xcassets */; };
		07298BC324887E0300D154D2 /* LaunchScreen.storyboard in Resources */ = {isa = PBXBuildFile; fileRef = 07298BC124887E0300D154D2 /* LaunchScreen.storyboard */; };
		07298BD924887E2D00D154D2 /* BoardView.swift in Sources */ = {isa = PBXBuildFile; fileRef = 07298BD824887E2D00D154D2 /* BoardView.swift */; };
		07298BDB248898E100D154D2 /* ChessPiece.swift in Sources */ = {isa = PBXBuildFile; fileRef = 07298BDA248898E100D154D2 /* ChessPiece.swift */; };
		07298BDD2488998000D154D2 /* ChessEngine.swift in Sources */ = {isa = PBXBuildFile; fileRef = 07298BDC2488998000D154D2 /* ChessEngine.swift */; };
		073496E3249D419500C3AAB0 /* InfoPlist.strings in Resources */ = {isa = PBXBuildFile; fileRef = 073496E2249D419500C3AAB0 /* InfoPlist.strings */; };
		07A24F0324B20C3500C03B9E /* RookTests.swift in Sources */ = {isa = PBXBuildFile; fileRef = 07A24F0224B20C3500C03B9E /* RookTests.swift */; };
		07A24F0524B20C7900C03B9E /* KnightTests.swift in Sources */ = {isa = PBXBuildFile; fileRef = 07A24F0424B20C7900C03B9E /* KnightTests.swift */; };
		07A24F0724B20CAC00C03B9E /* BishopTests.swift in Sources */ = {isa = PBXBuildFile; fileRef = 07A24F0624B20CAC00C03B9E /* BishopTests.swift */; };
		07A24F0924B20CE100C03B9E /* QueenTests.swift in Sources */ = {isa = PBXBuildFile; fileRef = 07A24F0824B20CE100C03B9E /* QueenTests.swift */; };
		07A24F0B24B23B2200C03B9E /* KingTests.swift in Sources */ = {isa = PBXBuildFile; fileRef = 07A24F0A24B23B2200C03B9E /* KingTests.swift */; };
		07A24F0D24B23BC500C03B9E /* PawnTests.swift in Sources */ = {isa = PBXBuildFile; fileRef = 07A24F0C24B23BC500C03B9E /* PawnTests.swift */; };
		07A48E7A24893BB6000D1C6B /* ChessDelegate.swift in Sources */ = {isa = PBXBuildFile; fileRef = 07A48E7924893BB6000D1C6B /* ChessDelegate.swift */; };
		07F4C02224AB79F600E2E9BB /* ChessEngineTests.swift in Sources */ = {isa = PBXBuildFile; fileRef = 07F4C02124AB79F600E2E9BB /* ChessEngineTests.swift */; };
		07F4C02424AB86FF00E2E9BB /* ChessRank.swift in Sources */ = {isa = PBXBuildFile; fileRef = 07F4C02324AB86FF00E2E9BB /* ChessRank.swift */; };
		07F4C02624AE835700E2E9BB /* ChessMove.swift in Sources */ = {isa = PBXBuildFile; fileRef = 07F4C02524AE835700E2E9BB /* ChessMove.swift */; };
/* End PBXBuildFile section */

/* Begin PBXContainerItemProxy section */
		07298BCA24887E0300D154D2 /* PBXContainerItemProxy */ = {
			isa = PBXContainerItemProxy;
			containerPortal = 07298BAB24887E0200D154D2 /* Project object */;
			proxyType = 1;
			remoteGlobalIDString = 07298BB224887E0200D154D2;
			remoteInfo = Chess;
		};
/* End PBXContainerItemProxy section */

/* Begin PBXFileReference section */
		0728497E24929E7400B7AEBC /* drop.wav */ = {isa = PBXFileReference; lastKnownFileType = audio.wav; path = drop.wav; sourceTree = "<group>"; };
		07298BB324887E0300D154D2 /* GT Chess.app */ = {isa = PBXFileReference; explicitFileType = wrapper.application; includeInIndex = 0; path = "GT Chess.app"; sourceTree = BUILT_PRODUCTS_DIR; };
		07298BB624887E0300D154D2 /* AppDelegate.swift */ = {isa = PBXFileReference; lastKnownFileType = sourcecode.swift; path = AppDelegate.swift; sourceTree = "<group>"; };
		07298BBA24887E0300D154D2 /* ViewController.swift */ = {isa = PBXFileReference; lastKnownFileType = sourcecode.swift; path = ViewController.swift; sourceTree = "<group>"; };
		07298BBD24887E0300D154D2 /* Base */ = {isa = PBXFileReference; lastKnownFileType = file.storyboard; name = Base; path = Base.lproj/Main.storyboard; sourceTree = "<group>"; };
		07298BBF24887E0300D154D2 /* Assets.xcassets */ = {isa = PBXFileReference; lastKnownFileType = folder.assetcatalog; path = Assets.xcassets; sourceTree = "<group>"; };
		07298BC224887E0300D154D2 /* Base */ = {isa = PBXFileReference; lastKnownFileType = file.storyboard; name = Base; path = Base.lproj/LaunchScreen.storyboard; sourceTree = "<group>"; };
		07298BC424887E0300D154D2 /* Info.plist */ = {isa = PBXFileReference; lastKnownFileType = text.plist.xml; path = Info.plist; sourceTree = "<group>"; };
		07298BC924887E0300D154D2 /* ChessTests.xctest */ = {isa = PBXFileReference; explicitFileType = wrapper.cfbundle; includeInIndex = 0; path = ChessTests.xctest; sourceTree = BUILT_PRODUCTS_DIR; };
		07298BCF24887E0300D154D2 /* Info.plist */ = {isa = PBXFileReference; lastKnownFileType = text.plist.xml; path = Info.plist; sourceTree = "<group>"; };
		07298BD824887E2D00D154D2 /* BoardView.swift */ = {isa = PBXFileReference; lastKnownFileType = sourcecode.swift; path = BoardView.swift; sourceTree = "<group>"; };
		07298BDA248898E100D154D2 /* ChessPiece.swift */ = {isa = PBXFileReference; lastKnownFileType = sourcecode.swift; path = ChessPiece.swift; sourceTree = "<group>"; };
		07298BDC2488998000D154D2 /* ChessEngine.swift */ = {isa = PBXFileReference; lastKnownFileType = sourcecode.swift; path = ChessEngine.swift; sourceTree = "<group>"; };
		07306EAA24A18ED100DEEA63 /* GT ChessRelease.entitlements */ = {isa = PBXFileReference; lastKnownFileType = text.plist.entitlements; path = "GT ChessRelease.entitlements"; sourceTree = "<group>"; };
		073496E2249D419500C3AAB0 /* InfoPlist.strings */ = {isa = PBXFileReference; lastKnownFileType = text.plist.strings; path = InfoPlist.strings; sourceTree = "<group>"; };
		07A24F0224B20C3500C03B9E /* RookTests.swift */ = {isa = PBXFileReference; lastKnownFileType = sourcecode.swift; path = RookTests.swift; sourceTree = "<group>"; };
		07A24F0424B20C7900C03B9E /* KnightTests.swift */ = {isa = PBXFileReference; lastKnownFileType = sourcecode.swift; path = KnightTests.swift; sourceTree = "<group>"; };
		07A24F0624B20CAC00C03B9E /* BishopTests.swift */ = {isa = PBXFileReference; lastKnownFileType = sourcecode.swift; path = BishopTests.swift; sourceTree = "<group>"; };
		07A24F0824B20CE100C03B9E /* QueenTests.swift */ = {isa = PBXFileReference; lastKnownFileType = sourcecode.swift; path = QueenTests.swift; sourceTree = "<group>"; };
		07A24F0A24B23B2200C03B9E /* KingTests.swift */ = {isa = PBXFileReference; lastKnownFileType = sourcecode.swift; path = KingTests.swift; sourceTree = "<group>"; };
		07A24F0C24B23BC500C03B9E /* PawnTests.swift */ = {isa = PBXFileReference; lastKnownFileType = sourcecode.swift; path = PawnTests.swift; sourceTree = "<group>"; };
		07A48E7924893BB6000D1C6B /* ChessDelegate.swift */ = {isa = PBXFileReference; lastKnownFileType = sourcecode.swift; path = ChessDelegate.swift; sourceTree = "<group>"; };
		07F4C02124AB79F600E2E9BB /* ChessEngineTests.swift */ = {isa = PBXFileReference; lastKnownFileType = sourcecode.swift; path = ChessEngineTests.swift; sourceTree = "<group>"; };
		07F4C02324AB86FF00E2E9BB /* ChessRank.swift */ = {isa = PBXFileReference; lastKnownFileType = sourcecode.swift; path = ChessRank.swift; sourceTree = "<group>"; };
		07F4C02524AE835700E2E9BB /* ChessMove.swift */ = {isa = PBXFileReference; lastKnownFileType = sourcecode.swift; path = ChessMove.swift; sourceTree = "<group>"; };
/* End PBXFileReference section */

/* Begin PBXFrameworksBuildPhase section */
		07298BB024887E0200D154D2 /* Frameworks */ = {
			isa = PBXFrameworksBuildPhase;
			buildActionMask = 2147483647;
			files = (
			);
			runOnlyForDeploymentPostprocessing = 0;
		};
		07298BC624887E0300D154D2 /* Frameworks */ = {
			isa = PBXFrameworksBuildPhase;
			buildActionMask = 2147483647;
			files = (
			);
			runOnlyForDeploymentPostprocessing = 0;
		};
/* End PBXFrameworksBuildPhase section */

/* Begin PBXGroup section */
		07298BAA24887E0200D154D2 = {
			isa = PBXGroup;
			children = (
				07298BB524887E0300D154D2 /* Chess */,
				07298BCC24887E0300D154D2 /* ChessTests */,
				07298BB424887E0300D154D2 /* Products */,
			);
			sourceTree = "<group>";
		};
		07298BB424887E0300D154D2 /* Products */ = {
			isa = PBXGroup;
			children = (
				07298BB324887E0300D154D2 /* GT Chess.app */,
				07298BC924887E0300D154D2 /* ChessTests.xctest */,
			);
			name = Products;
			sourceTree = "<group>";
		};
		07298BB524887E0300D154D2 /* Chess */ = {
			isa = PBXGroup;
			children = (
				07306EAA24A18ED100DEEA63 /* GT ChessRelease.entitlements */,
				07298BB624887E0300D154D2 /* AppDelegate.swift */,
				07A48E7924893BB6000D1C6B /* ChessDelegate.swift */,
				07298BD824887E2D00D154D2 /* BoardView.swift */,
				07298BDA248898E100D154D2 /* ChessPiece.swift */,
				07F4C02524AE835700E2E9BB /* ChessMove.swift */,
				07F4C02324AB86FF00E2E9BB /* ChessRank.swift */,
				07298BDC2488998000D154D2 /* ChessEngine.swift */,
				07298BBA24887E0300D154D2 /* ViewController.swift */,
				07298BBC24887E0300D154D2 /* Main.storyboard */,
				07298BBF24887E0300D154D2 /* Assets.xcassets */,
				0728497E24929E7400B7AEBC /* drop.wav */,
				07298BC124887E0300D154D2 /* LaunchScreen.storyboard */,
				07298BC424887E0300D154D2 /* Info.plist */,
				073496E2249D419500C3AAB0 /* InfoPlist.strings */,
			);
			path = Chess;
			sourceTree = "<group>";
		};
		07298BCC24887E0300D154D2 /* ChessTests */ = {
			isa = PBXGroup;
			children = (
				07F4C02124AB79F600E2E9BB /* ChessEngineTests.swift */,
				07A24F0224B20C3500C03B9E /* RookTests.swift */,
				07A24F0424B20C7900C03B9E /* KnightTests.swift */,
				07A24F0624B20CAC00C03B9E /* BishopTests.swift */,
				07A24F0824B20CE100C03B9E /* QueenTests.swift */,
				07A24F0A24B23B2200C03B9E /* KingTests.swift */,
				07A24F0C24B23BC500C03B9E /* PawnTests.swift */,
				07298BCF24887E0300D154D2 /* Info.plist */,
			);
			path = ChessTests;
			sourceTree = "<group>";
		};
/* End PBXGroup section */

/* Begin PBXNativeTarget section */
		07298BB224887E0200D154D2 /* Chess */ = {
			isa = PBXNativeTarget;
			buildConfigurationList = 07298BD224887E0300D154D2 /* Build configuration list for PBXNativeTarget "Chess" */;
			buildPhases = (
				07298BAF24887E0200D154D2 /* Sources */,
				07298BB024887E0200D154D2 /* Frameworks */,
				07298BB124887E0200D154D2 /* Resources */,
			);
			buildRules = (
			);
			dependencies = (
			);
			name = Chess;
			productName = Chess;
			productReference = 07298BB324887E0300D154D2 /* GT Chess.app */;
			productType = "com.apple.product-type.application";
		};
		07298BC824887E0300D154D2 /* ChessTests */ = {
			isa = PBXNativeTarget;
			buildConfigurationList = 07298BD524887E0300D154D2 /* Build configuration list for PBXNativeTarget "ChessTests" */;
			buildPhases = (
				07298BC524887E0300D154D2 /* Sources */,
				07298BC624887E0300D154D2 /* Frameworks */,
				07298BC724887E0300D154D2 /* Resources */,
			);
			buildRules = (
			);
			dependencies = (
				07298BCB24887E0300D154D2 /* PBXTargetDependency */,
			);
			name = ChessTests;
			productName = ChessTests;
			productReference = 07298BC924887E0300D154D2 /* ChessTests.xctest */;
			productType = "com.apple.product-type.bundle.unit-test";
		};
/* End PBXNativeTarget section */

/* Begin PBXProject section */
		07298BAB24887E0200D154D2 /* Project object */ = {
			isa = PBXProject;
			attributes = {
				LastSwiftUpdateCheck = 1150;
				LastUpgradeCheck = 1150;
				ORGANIZATIONNAME = "Gold Thumb Inc.";
				TargetAttributes = {
					07298BB224887E0200D154D2 = {
						CreatedOnToolsVersion = 11.5;
					};
					07298BC824887E0300D154D2 = {
						CreatedOnToolsVersion = 11.5;
						TestTargetID = 07298BB224887E0200D154D2;
					};
				};
			};
			buildConfigurationList = 07298BAE24887E0200D154D2 /* Build configuration list for PBXProject "Chess" */;
			compatibilityVersion = "Xcode 9.3";
			developmentRegion = en;
			hasScannedForEncodings = 0;
			knownRegions = (
				en,
				Base,
			);
			mainGroup = 07298BAA24887E0200D154D2;
			productRefGroup = 07298BB424887E0300D154D2 /* Products */;
			projectDirPath = "";
			projectRoot = "";
			targets = (
				07298BB224887E0200D154D2 /* Chess */,
				07298BC824887E0300D154D2 /* ChessTests */,
			);
		};
/* End PBXProject section */

/* Begin PBXResourcesBuildPhase section */
		07298BB124887E0200D154D2 /* Resources */ = {
			isa = PBXResourcesBuildPhase;
			buildActionMask = 2147483647;
			files = (
				07298BC324887E0300D154D2 /* LaunchScreen.storyboard in Resources */,
				0728497F24929E7400B7AEBC /* drop.wav in Resources */,
				07298BC024887E0300D154D2 /* Assets.xcassets in Resources */,
				07298BBE24887E0300D154D2 /* Main.storyboard in Resources */,
				073496E3249D419500C3AAB0 /* InfoPlist.strings in Resources */,
			);
			runOnlyForDeploymentPostprocessing = 0;
		};
		07298BC724887E0300D154D2 /* Resources */ = {
			isa = PBXResourcesBuildPhase;
			buildActionMask = 2147483647;
			files = (
			);
			runOnlyForDeploymentPostprocessing = 0;
		};
/* End PBXResourcesBuildPhase section */

/* Begin PBXSourcesBuildPhase section */
		07298BAF24887E0200D154D2 /* Sources */ = {
			isa = PBXSourcesBuildPhase;
			buildActionMask = 2147483647;
			files = (
				07298BDD2488998000D154D2 /* ChessEngine.swift in Sources */,
				07298BBB24887E0300D154D2 /* ViewController.swift in Sources */,
				07F4C02424AB86FF00E2E9BB /* ChessRank.swift in Sources */,
				07A48E7A24893BB6000D1C6B /* ChessDelegate.swift in Sources */,
				07298BD924887E2D00D154D2 /* BoardView.swift in Sources */,
				07298BB724887E0300D154D2 /* AppDelegate.swift in Sources */,
				07298BDB248898E100D154D2 /* ChessPiece.swift in Sources */,
				07F4C02624AE835700E2E9BB /* ChessMove.swift in Sources */,
			);
			runOnlyForDeploymentPostprocessing = 0;
		};
		07298BC524887E0300D154D2 /* Sources */ = {
			isa = PBXSourcesBuildPhase;
			buildActionMask = 2147483647;
			files = (
				07A24F0724B20CAC00C03B9E /* BishopTests.swift in Sources */,
				07A24F0D24B23BC500C03B9E /* PawnTests.swift in Sources */,
				07A24F0924B20CE100C03B9E /* QueenTests.swift in Sources */,
				07A24F0324B20C3500C03B9E /* RookTests.swift in Sources */,
				07A24F0524B20C7900C03B9E /* KnightTests.swift in Sources */,
				07A24F0B24B23B2200C03B9E /* KingTests.swift in Sources */,
				07F4C02224AB79F600E2E9BB /* ChessEngineTests.swift in Sources */,
			);
			runOnlyForDeploymentPostprocessing = 0;
		};
/* End PBXSourcesBuildPhase section */

/* Begin PBXTargetDependency section */
		07298BCB24887E0300D154D2 /* PBXTargetDependency */ = {
			isa = PBXTargetDependency;
			target = 07298BB224887E0200D154D2 /* Chess */;
			targetProxy = 07298BCA24887E0300D154D2 /* PBXContainerItemProxy */;
		};
/* End PBXTargetDependency section */

/* Begin PBXVariantGroup section */
		07298BBC24887E0300D154D2 /* Main.storyboard */ = {
			isa = PBXVariantGroup;
			children = (
				07298BBD24887E0300D154D2 /* Base */,
			);
			name = Main.storyboard;
			sourceTree = "<group>";
		};
		07298BC124887E0300D154D2 /* LaunchScreen.storyboard */ = {
			isa = PBXVariantGroup;
			children = (
				07298BC224887E0300D154D2 /* Base */,
			);
			name = LaunchScreen.storyboard;
			sourceTree = "<group>";
		};
/* End PBXVariantGroup section */

/* Begin XCBuildConfiguration section */
		07298BD024887E0300D154D2 /* Debug */ = {
			isa = XCBuildConfiguration;
			buildSettings = {
				ALWAYS_SEARCH_USER_PATHS = NO;
				CLANG_ANALYZER_NONNULL = YES;
				CLANG_ANALYZER_NUMBER_OBJECT_CONVERSION = YES_AGGRESSIVE;
				CLANG_CXX_LANGUAGE_STANDARD = "gnu++14";
				CLANG_CXX_LIBRARY = "libc++";
				CLANG_ENABLE_MODULES = YES;
				CLANG_ENABLE_OBJC_ARC = YES;
				CLANG_ENABLE_OBJC_WEAK = YES;
				CLANG_WARN_BLOCK_CAPTURE_AUTORELEASING = YES;
				CLANG_WARN_BOOL_CONVERSION = YES;
				CLANG_WARN_COMMA = YES;
				CLANG_WARN_CONSTANT_CONVERSION = YES;
				CLANG_WARN_DEPRECATED_OBJC_IMPLEMENTATIONS = YES;
				CLANG_WARN_DIRECT_OBJC_ISA_USAGE = YES_ERROR;
				CLANG_WARN_DOCUMENTATION_COMMENTS = YES;
				CLANG_WARN_EMPTY_BODY = YES;
				CLANG_WARN_ENUM_CONVERSION = YES;
				CLANG_WARN_INFINITE_RECURSION = YES;
				CLANG_WARN_INT_CONVERSION = YES;
				CLANG_WARN_NON_LITERAL_NULL_CONVERSION = YES;
				CLANG_WARN_OBJC_IMPLICIT_RETAIN_SELF = YES;
				CLANG_WARN_OBJC_LITERAL_CONVERSION = YES;
				CLANG_WARN_OBJC_ROOT_CLASS = YES_ERROR;
				CLANG_WARN_RANGE_LOOP_ANALYSIS = YES;
				CLANG_WARN_STRICT_PROTOTYPES = YES;
				CLANG_WARN_SUSPICIOUS_MOVE = YES;
				CLANG_WARN_UNGUARDED_AVAILABILITY = YES_AGGRESSIVE;
				CLANG_WARN_UNREACHABLE_CODE = YES;
				CLANG_WARN__DUPLICATE_METHOD_MATCH = YES;
				COPY_PHASE_STRIP = NO;
				DEBUG_INFORMATION_FORMAT = dwarf;
				ENABLE_STRICT_OBJC_MSGSEND = YES;
				ENABLE_TESTABILITY = YES;
				GCC_C_LANGUAGE_STANDARD = gnu11;
				GCC_DYNAMIC_NO_PIC = NO;
				GCC_NO_COMMON_BLOCKS = YES;
				GCC_OPTIMIZATION_LEVEL = 0;
				GCC_PREPROCESSOR_DEFINITIONS = (
					"DEBUG=1",
					"$(inherited)",
				);
				GCC_WARN_64_TO_32_BIT_CONVERSION = YES;
				GCC_WARN_ABOUT_RETURN_TYPE = YES_ERROR;
				GCC_WARN_UNDECLARED_SELECTOR = YES;
				GCC_WARN_UNINITIALIZED_AUTOS = YES_AGGRESSIVE;
				GCC_WARN_UNUSED_FUNCTION = YES;
				GCC_WARN_UNUSED_VARIABLE = YES;
				IPHONEOS_DEPLOYMENT_TARGET = 10.3;
				MTL_ENABLE_DEBUG_INFO = INCLUDE_SOURCE;
				MTL_FAST_MATH = YES;
				ONLY_ACTIVE_ARCH = YES;
				SDKROOT = iphoneos;
				SWIFT_ACTIVE_COMPILATION_CONDITIONS = DEBUG;
				SWIFT_OPTIMIZATION_LEVEL = "-Onone";
			};
			name = Debug;
		};
		07298BD124887E0300D154D2 /* Release */ = {
			isa = XCBuildConfiguration;
			buildSettings = {
				ALWAYS_SEARCH_USER_PATHS = NO;
				CLANG_ANALYZER_NONNULL = YES;
				CLANG_ANALYZER_NUMBER_OBJECT_CONVERSION = YES_AGGRESSIVE;
				CLANG_CXX_LANGUAGE_STANDARD = "gnu++14";
				CLANG_CXX_LIBRARY = "libc++";
				CLANG_ENABLE_MODULES = YES;
				CLANG_ENABLE_OBJC_ARC = YES;
				CLANG_ENABLE_OBJC_WEAK = YES;
				CLANG_WARN_BLOCK_CAPTURE_AUTORELEASING = YES;
				CLANG_WARN_BOOL_CONVERSION = YES;
				CLANG_WARN_COMMA = YES;
				CLANG_WARN_CONSTANT_CONVERSION = YES;
				CLANG_WARN_DEPRECATED_OBJC_IMPLEMENTATIONS = YES;
				CLANG_WARN_DIRECT_OBJC_ISA_USAGE = YES_ERROR;
				CLANG_WARN_DOCUMENTATION_COMMENTS = YES;
				CLANG_WARN_EMPTY_BODY = YES;
				CLANG_WARN_ENUM_CONVERSION = YES;
				CLANG_WARN_INFINITE_RECURSION = YES;
				CLANG_WARN_INT_CONVERSION = YES;
				CLANG_WARN_NON_LITERAL_NULL_CONVERSION = YES;
				CLANG_WARN_OBJC_IMPLICIT_RETAIN_SELF = YES;
				CLANG_WARN_OBJC_LITERAL_CONVERSION = YES;
				CLANG_WARN_OBJC_ROOT_CLASS = YES_ERROR;
				CLANG_WARN_RANGE_LOOP_ANALYSIS = YES;
				CLANG_WARN_STRICT_PROTOTYPES = YES;
				CLANG_WARN_SUSPICIOUS_MOVE = YES;
				CLANG_WARN_UNGUARDED_AVAILABILITY = YES_AGGRESSIVE;
				CLANG_WARN_UNREACHABLE_CODE = YES;
				CLANG_WARN__DUPLICATE_METHOD_MATCH = YES;
				COPY_PHASE_STRIP = NO;
				DEBUG_INFORMATION_FORMAT = "dwarf-with-dsym";
				ENABLE_NS_ASSERTIONS = NO;
				ENABLE_STRICT_OBJC_MSGSEND = YES;
				GCC_C_LANGUAGE_STANDARD = gnu11;
				GCC_NO_COMMON_BLOCKS = YES;
				GCC_WARN_64_TO_32_BIT_CONVERSION = YES;
				GCC_WARN_ABOUT_RETURN_TYPE = YES_ERROR;
				GCC_WARN_UNDECLARED_SELECTOR = YES;
				GCC_WARN_UNINITIALIZED_AUTOS = YES_AGGRESSIVE;
				GCC_WARN_UNUSED_FUNCTION = YES;
				GCC_WARN_UNUSED_VARIABLE = YES;
				IPHONEOS_DEPLOYMENT_TARGET = 10.3;
				MTL_ENABLE_DEBUG_INFO = NO;
				MTL_FAST_MATH = YES;
				SDKROOT = iphoneos;
				SWIFT_COMPILATION_MODE = wholemodule;
				SWIFT_OPTIMIZATION_LEVEL = "-O";
				VALIDATE_PRODUCT = YES;
			};
			name = Release;
		};
		07298BD324887E0300D154D2 /* Debug */ = {
			isa = XCBuildConfiguration;
			buildSettings = {
				ASSETCATALOG_COMPILER_APPICON_NAME = AppIcon;
				CODE_SIGN_STYLE = Automatic;
				CURRENT_PROJECT_VERSION = 4;
				DEVELOPMENT_TEAM = J8B74FCZCC;
				INFOPLIST_FILE = Chess/Info.plist;
				LD_RUNPATH_SEARCH_PATHS = (
					"$(inherited)",
					"@executable_path/Frameworks",
				);
				MARKETING_VERSION = 1.1;
				PRODUCT_BUNDLE_IDENTIFIER = com.goldthumb.Chess;
				PRODUCT_NAME = "GT Chess";
				SWIFT_VERSION = 5.0;
				TARGETED_DEVICE_FAMILY = "1,2";
			};
			name = Debug;
		};
		07298BD424887E0300D154D2 /* Release */ = {
			isa = XCBuildConfiguration;
			buildSettings = {
				ASSETCATALOG_COMPILER_APPICON_NAME = AppIcon;
				CODE_SIGN_ENTITLEMENTS = "Chess/GT ChessRelease.entitlements";
				CODE_SIGN_STYLE = Automatic;
				CURRENT_PROJECT_VERSION = 4;
				DEVELOPMENT_TEAM = J8B74FCZCC;
				INFOPLIST_FILE = Chess/Info.plist;
				LD_RUNPATH_SEARCH_PATHS = (
					"$(inherited)",
					"@executable_path/Frameworks",
				);
				MARKETING_VERSION = 1.1;
				PRODUCT_BUNDLE_IDENTIFIER = com.goldthumb.Chess;
				PRODUCT_NAME = "GT Chess";
				SWIFT_VERSION = 5.0;
				TARGETED_DEVICE_FAMILY = "1,2";
			};
			name = Release;
		};
		07298BD624887E0300D154D2 /* Debug */ = {
			isa = XCBuildConfiguration;
			buildSettings = {
				ALWAYS_EMBED_SWIFT_STANDARD_LIBRARIES = YES;
				BUNDLE_LOADER = "$(TEST_HOST)";
				CODE_SIGN_STYLE = Automatic;
				INFOPLIST_FILE = ChessTests/Info.plist;
				IPHONEOS_DEPLOYMENT_TARGET = 13.5;
				LD_RUNPATH_SEARCH_PATHS = (
					"$(inherited)",
					"@executable_path/Frameworks",
					"@loader_path/Frameworks",
				);
				PRODUCT_BUNDLE_IDENTIFIER = com.goldthumb.goldenladder.ChessTests;
				PRODUCT_NAME = "$(TARGET_NAME)";
				SWIFT_VERSION = 5.0;
				TARGETED_DEVICE_FAMILY = "1,2";
				TEST_HOST = "$(BUILT_PRODUCTS_DIR)/GT Chess.app/GT Chess";
			};
			name = Debug;
		};
		07298BD724887E0300D154D2 /* Release */ = {
			isa = XCBuildConfiguration;
			buildSettings = {
				ALWAYS_EMBED_SWIFT_STANDARD_LIBRARIES = YES;
				BUNDLE_LOADER = "$(TEST_HOST)";
				CODE_SIGN_STYLE = Automatic;
				INFOPLIST_FILE = ChessTests/Info.plist;
				IPHONEOS_DEPLOYMENT_TARGET = 13.5;
				LD_RUNPATH_SEARCH_PATHS = (
					"$(inherited)",
					"@executable_path/Frameworks",
					"@loader_path/Frameworks",
				);
				PRODUCT_BUNDLE_IDENTIFIER = com.goldthumb.goldenladder.ChessTests;
				PRODUCT_NAME = "$(TARGET_NAME)";
				SWIFT_VERSION = 5.0;
				TARGETED_DEVICE_FAMILY = "1,2";
				TEST_HOST = "$(BUILT_PRODUCTS_DIR)/GT Chess.app/GT Chess";
			};
			name = Release;
		};
/* End XCBuildConfiguration section */

/* Begin XCConfigurationList section */
		07298BAE24887E0200D154D2 /* Build configuration list for PBXProject "Chess" */ = {
			isa = XCConfigurationList;
			buildConfigurations = (
				07298BD024887E0300D154D2 /* Debug */,
				07298BD124887E0300D154D2 /* Release */,
			);
			defaultConfigurationIsVisible = 0;
			defaultConfigurationName = Release;
		};
		07298BD224887E0300D154D2 /* Build configuration list for PBXNativeTarget "Chess" */ = {
			isa = XCConfigurationList;
			buildConfigurations = (
				07298BD324887E0300D154D2 /* Debug */,
				07298BD424887E0300D154D2 /* Release */,
			);
			defaultConfigurationIsVisible = 0;
			defaultConfigurationName = Release;
		};
		07298BD524887E0300D154D2 /* Build configuration list for PBXNativeTarget "ChessTests" */ = {
			isa = XCConfigurationList;
			buildConfigurations = (
				07298BD624887E0300D154D2 /* Debug */,
				07298BD724887E0300D154D2 /* Release */,
			);
			defaultConfigurationIsVisible = 0;
			defaultConfigurationName = Release;
		};
/* End XCConfigurationList section */
	};
	rootObject = 07298BAB24887E0200D154D2 /* Project object */;
}
