// !$*UTF8*$!
{
	archiveVersion = 1;
	classes = {
	};
	objectVersion = 48;
	objects = {

/* Begin PBXBuildFile section */
		07FDE4322018140A00A674FE /* AppDelegate.swift in Sources */ = {isa = PBXBuildFile; fileRef = 07FDE4312018140A00A674FE /* AppDelegate.swift */; };
		07FDE4342018140A00A674FE /* GameViewController.swift in Sources */ = {isa = PBXBuildFile; fileRef = 07FDE4332018140A00A674FE /* GameViewController.swift */; };
		07FDE4372018140A00A674FE /* Main.storyboard in Resources */ = {isa = PBXBuildFile; fileRef = 07FDE4352018140A00A674FE /* Main.storyboard */; };
		07FDE4392018140A00A674FE /* Assets.xcassets in Resources */ = {isa = PBXBuildFile; fileRef = 07FDE4382018140A00A674FE /* Assets.xcassets */; };
		07FDE43C2018140A00A674FE /* LaunchScreen.storyboard in Resources */ = {isa = PBXBuildFile; fileRef = 07FDE43A2018140A00A674FE /* LaunchScreen.storyboard */; };
		A107420B23536C7000CDD037 /* BoardView.swift in Sources */ = {isa = PBXBuildFile; fileRef = A107420A23536C7000CDD037 /* BoardView.swift */; };
/* End PBXBuildFile section */

/* Begin PBXContainerItemProxy section */
		36DF8A97201D6D0C00E0E07B /* PBXContainerItemProxy */ = {
			isa = PBXContainerItemProxy;
			containerPortal = 07FDE4262018140A00A674FE /* Project object */;
			proxyType = 1;
			remoteGlobalIDString = 07FDE42D2018140A00A674FE;
			remoteInfo = chess;
		};
/* End PBXContainerItemProxy section */

/* Begin PBXFileReference section */
		07FDE42E2018140A00A674FE /* chess.app */ = {isa = PBXFileReference; explicitFileType = wrapper.application; includeInIndex = 0; path = chess.app; sourceTree = BUILT_PRODUCTS_DIR; };
		07FDE4312018140A00A674FE /* AppDelegate.swift */ = {isa = PBXFileReference; lastKnownFileType = sourcecode.swift; path = AppDelegate.swift; sourceTree = "<group>"; };
		07FDE4332018140A00A674FE /* GameViewController.swift */ = {isa = PBXFileReference; lastKnownFileType = sourcecode.swift; path = GameViewController.swift; sourceTree = "<group>"; };
		07FDE4362018140A00A674FE /* Base */ = {isa = PBXFileReference; lastKnownFileType = file.storyboard; name = Base; path = Base.lproj/Main.storyboard; sourceTree = "<group>"; };
		07FDE4382018140A00A674FE /* Assets.xcassets */ = {isa = PBXFileReference; lastKnownFileType = folder.assetcatalog; path = Assets.xcassets; sourceTree = "<group>"; };
		07FDE43B2018140A00A674FE /* Base */ = {isa = PBXFileReference; lastKnownFileType = file.storyboard; name = Base; path = Base.lproj/LaunchScreen.storyboard; sourceTree = "<group>"; };
		07FDE43D2018140A00A674FE /* Info.plist */ = {isa = PBXFileReference; lastKnownFileType = text.plist.xml; path = Info.plist; sourceTree = "<group>"; };
		36DF8A92201D6D0B00E0E07B /* chessTests.xctest */ = {isa = PBXFileReference; explicitFileType = wrapper.cfbundle; includeInIndex = 0; path = chessTests.xctest; sourceTree = BUILT_PRODUCTS_DIR; };
		36DF8A96201D6D0C00E0E07B /* Info.plist */ = {isa = PBXFileReference; lastKnownFileType = text.plist.xml; path = Info.plist; sourceTree = "<group>"; };
		A107420A23536C7000CDD037 /* BoardView.swift */ = {isa = PBXFileReference; lastKnownFileType = sourcecode.swift; path = BoardView.swift; sourceTree = "<group>"; };
/* End PBXFileReference section */

/* Begin PBXFrameworksBuildPhase section */
		07FDE42B2018140A00A674FE /* Frameworks */ = {
			isa = PBXFrameworksBuildPhase;
			buildActionMask = 2147483647;
			files = (
			);
			runOnlyForDeploymentPostprocessing = 0;
		};
		36DF8A8F201D6D0B00E0E07B /* Frameworks */ = {
			isa = PBXFrameworksBuildPhase;
			buildActionMask = 2147483647;
			files = (
			);
			runOnlyForDeploymentPostprocessing = 0;
		};
/* End PBXFrameworksBuildPhase section */

/* Begin PBXGroup section */
		07FDE4252018140A00A674FE = {
			isa = PBXGroup;
			children = (
				07FDE4302018140A00A674FE /* chess */,
				36DF8A93201D6D0C00E0E07B /* chessTests */,
				07FDE42F2018140A00A674FE /* Products */,
			);
			sourceTree = "<group>";
		};
		07FDE42F2018140A00A674FE /* Products */ = {
			isa = PBXGroup;
			children = (
				07FDE42E2018140A00A674FE /* chess.app */,
				36DF8A92201D6D0B00E0E07B /* chessTests.xctest */,
			);
			name = Products;
			sourceTree = "<group>";
		};
		07FDE4302018140A00A674FE /* chess */ = {
			isa = PBXGroup;
			children = (
				07FDE4312018140A00A674FE /* AppDelegate.swift */,
				07FDE4332018140A00A674FE /* GameViewController.swift */,
				A107420A23536C7000CDD037 /* BoardView.swift */,
				07FDE4352018140A00A674FE /* Main.storyboard */,
				07FDE4382018140A00A674FE /* Assets.xcassets */,
				07FDE43A2018140A00A674FE /* LaunchScreen.storyboard */,
				07FDE43D2018140A00A674FE /* Info.plist */,
			);
			path = chess;
			sourceTree = "<group>";
		};
		36DF8A93201D6D0C00E0E07B /* chessTests */ = {
			isa = PBXGroup;
			children = (
				36DF8A96201D6D0C00E0E07B /* Info.plist */,
			);
			path = chessTests;
			sourceTree = "<group>";
		};
/* End PBXGroup section */

/* Begin PBXNativeTarget section */
		07FDE42D2018140A00A674FE /* chess */ = {
			isa = PBXNativeTarget;
			buildConfigurationList = 07FDE4402018140A00A674FE /* Build configuration list for PBXNativeTarget "chess" */;
			buildPhases = (
				07FDE42A2018140A00A674FE /* Sources */,
				07FDE42B2018140A00A674FE /* Frameworks */,
				07FDE42C2018140A00A674FE /* Resources */,
			);
			buildRules = (
			);
			dependencies = (
			);
			name = chess;
			productName = chess;
			productReference = 07FDE42E2018140A00A674FE /* chess.app */;
			productType = "com.apple.product-type.application";
		};
		36DF8A91201D6D0B00E0E07B /* chessTests */ = {
			isa = PBXNativeTarget;
			buildConfigurationList = 36DF8A9B201D6D0C00E0E07B /* Build configuration list for PBXNativeTarget "chessTests" */;
			buildPhases = (
				36DF8A8E201D6D0B00E0E07B /* Sources */,
				36DF8A8F201D6D0B00E0E07B /* Frameworks */,
				36DF8A90201D6D0B00E0E07B /* Resources */,
			);
			buildRules = (
			);
			dependencies = (
				36DF8A98201D6D0C00E0E07B /* PBXTargetDependency */,
			);
			name = chessTests;
			productName = chessTests;
			productReference = 36DF8A92201D6D0B00E0E07B /* chessTests.xctest */;
			productType = "com.apple.product-type.bundle.unit-test";
		};
/* End PBXNativeTarget section */

/* Begin PBXProject section */
		07FDE4262018140A00A674FE /* Project object */ = {
			isa = PBXProject;
			attributes = {
				LastSwiftUpdateCheck = 0920;
				LastUpgradeCheck = 0920;
				ORGANIZATIONNAME = "GoldThumb Inc.";
				TargetAttributes = {
					07FDE42D2018140A00A674FE = {
						CreatedOnToolsVersion = 9.2;
						ProvisioningStyle = Automatic;
					};
					36DF8A91201D6D0B00E0E07B = {
						CreatedOnToolsVersion = 9.2;
						ProvisioningStyle = Automatic;
						TestTargetID = 07FDE42D2018140A00A674FE;
					};
				};
			};
			buildConfigurationList = 07FDE4292018140A00A674FE /* Build configuration list for PBXProject "chess" */;
			compatibilityVersion = "Xcode 8.0";
			developmentRegion = en;
			hasScannedForEncodings = 0;
			knownRegions = (
				en,
				Base,
			);
			mainGroup = 07FDE4252018140A00A674FE;
			productRefGroup = 07FDE42F2018140A00A674FE /* Products */;
			projectDirPath = "";
			projectRoot = "";
			targets = (
				07FDE42D2018140A00A674FE /* chess */,
				36DF8A91201D6D0B00E0E07B /* chessTests */,
			);
		};
/* End PBXProject section */

/* Begin PBXResourcesBuildPhase section */
		07FDE42C2018140A00A674FE /* Resources */ = {
			isa = PBXResourcesBuildPhase;
			buildActionMask = 2147483647;
			files = (
				07FDE43C2018140A00A674FE /* LaunchScreen.storyboard in Resources */,
				07FDE4392018140A00A674FE /* Assets.xcassets in Resources */,
				07FDE4372018140A00A674FE /* Main.storyboard in Resources */,
			);
			runOnlyForDeploymentPostprocessing = 0;
		};
		36DF8A90201D6D0B00E0E07B /* Resources */ = {
			isa = PBXResourcesBuildPhase;
			buildActionMask = 2147483647;
			files = (
			);
			runOnlyForDeploymentPostprocessing = 0;
		};
/* End PBXResourcesBuildPhase section */

/* Begin PBXSourcesBuildPhase section */
		07FDE42A2018140A00A674FE /* Sources */ = {
			isa = PBXSourcesBuildPhase;
			buildActionMask = 2147483647;
			files = (
				A107420B23536C7000CDD037 /* BoardView.swift in Sources */,
				07FDE4342018140A00A674FE /* GameViewController.swift in Sources */,
				07FDE4322018140A00A674FE /* AppDelegate.swift in Sources */,
			);
			runOnlyForDeploymentPostprocessing = 0;
		};
		36DF8A8E201D6D0B00E0E07B /* Sources */ = {
			isa = PBXSourcesBuildPhase;
			buildActionMask = 2147483647;
			files = (
			);
			runOnlyForDeploymentPostprocessing = 0;
		};
/* End PBXSourcesBuildPhase section */

/* Begin PBXTargetDependency section */
		36DF8A98201D6D0C00E0E07B /* PBXTargetDependency */ = {
			isa = PBXTargetDependency;
			target = 07FDE42D2018140A00A674FE /* chess */;
			targetProxy = 36DF8A97201D6D0C00E0E07B /* PBXContainerItemProxy */;
		};
/* End PBXTargetDependency section */

/* Begin PBXVariantGroup section */
		07FDE4352018140A00A674FE /* Main.storyboard */ = {
			isa = PBXVariantGroup;
			children = (
				07FDE4362018140A00A674FE /* Base */,
			);
			name = Main.storyboard;
			sourceTree = "<group>";
		};
		07FDE43A2018140A00A674FE /* LaunchScreen.storyboard */ = {
			isa = PBXVariantGroup;
			children = (
				07FDE43B2018140A00A674FE /* Base */,
			);
			name = LaunchScreen.storyboard;
			sourceTree = "<group>";
		};
/* End PBXVariantGroup section */

/* Begin XCBuildConfiguration section */
		07FDE43E2018140A00A674FE /* Debug */ = {
			isa = XCBuildConfiguration;
			buildSettings = {
				ALWAYS_SEARCH_USER_PATHS = NO;
				CLANG_ANALYZER_NONNULL = YES;
				CLANG_ANALYZER_NUMBER_OBJECT_CONVERSION = YES_AGGRESSIVE;
				CLANG_CXX_LANGUAGE_STANDARD = "gnu++14";
				CLANG_CXX_LIBRARY = "libc++";
				CLANG_ENABLE_MODULES = YES;
				CLANG_ENABLE_OBJC_ARC = YES;
				CLANG_WARN_BLOCK_CAPTURE_AUTORELEASING = YES;
				CLANG_WARN_BOOL_CONVERSION = YES;
				CLANG_WARN_COMMA = YES;
				CLANG_WARN_CONSTANT_CONVERSION = YES;
				CLANG_WARN_DIRECT_OBJC_ISA_USAGE = YES_ERROR;
				CLANG_WARN_DOCUMENTATION_COMMENTS = YES;
				CLANG_WARN_EMPTY_BODY = YES;
				CLANG_WARN_ENUM_CONVERSION = YES;
				CLANG_WARN_INFINITE_RECURSION = YES;
				CLANG_WARN_INT_CONVERSION = YES;
				CLANG_WARN_NON_LITERAL_NULL_CONVERSION = YES;
				CLANG_WARN_OBJC_LITERAL_CONVERSION = YES;
				CLANG_WARN_OBJC_ROOT_CLASS = YES_ERROR;
				CLANG_WARN_RANGE_LOOP_ANALYSIS = YES;
				CLANG_WARN_STRICT_PROTOTYPES = YES;
				CLANG_WARN_SUSPICIOUS_MOVE = YES;
				CLANG_WARN_UNGUARDED_AVAILABILITY = YES_AGGRESSIVE;
				CLANG_WARN_UNREACHABLE_CODE = YES;
				CLANG_WARN__DUPLICATE_METHOD_MATCH = YES;
				CODE_SIGN_IDENTITY = "iPhone Developer";
				COPY_PHASE_STRIP = NO;
				DEBUG_INFORMATION_FORMAT = dwarf;
				ENABLE_STRICT_OBJC_MSGSEND = YES;
				ENABLE_TESTABILITY = YES;
				GCC_C_LANGUAGE_STANDARD = gnu11;
				GCC_DYNAMIC_NO_PIC = NO;
				GCC_NO_COMMON_BLOCKS = YES;
				GCC_OPTIMIZATION_LEVEL = 0;
				GCC_PREPROCESSOR_DEFINITIONS = (
					"DEBUG=1",
					"$(inherited)",
				);
				GCC_WARN_64_TO_32_BIT_CONVERSION = YES;
				GCC_WARN_ABOUT_RETURN_TYPE = YES_ERROR;
				GCC_WARN_UNDECLARED_SELECTOR = YES;
				GCC_WARN_UNINITIALIZED_AUTOS = YES_AGGRESSIVE;
				GCC_WARN_UNUSED_FUNCTION = YES;
				GCC_WARN_UNUSED_VARIABLE = YES;
				IPHONEOS_DEPLOYMENT_TARGET = 11.2;
				MTL_ENABLE_DEBUG_INFO = YES;
				ONLY_ACTIVE_ARCH = YES;
				SDKROOT = iphoneos;
				SWIFT_ACTIVE_COMPILATION_CONDITIONS = DEBUG;
				SWIFT_OPTIMIZATION_LEVEL = "-Onone";
			};
			name = Debug;
		};
		07FDE43F2018140A00A674FE /* Release */ = {
			isa = XCBuildConfiguration;
			buildSettings = {
				ALWAYS_SEARCH_USER_PATHS = NO;
				CLANG_ANALYZER_NONNULL = YES;
				CLANG_ANALYZER_NUMBER_OBJECT_CONVERSION = YES_AGGRESSIVE;
				CLANG_CXX_LANGUAGE_STANDARD = "gnu++14";
				CLANG_CXX_LIBRARY = "libc++";
				CLANG_ENABLE_MODULES = YES;
				CLANG_ENABLE_OBJC_ARC = YES;
				CLANG_WARN_BLOCK_CAPTURE_AUTORELEASING = YES;
				CLANG_WARN_BOOL_CONVERSION = YES;
				CLANG_WARN_COMMA = YES;
				CLANG_WARN_CONSTANT_CONVERSION = YES;
				CLANG_WARN_DIRECT_OBJC_ISA_USAGE = YES_ERROR;
				CLANG_WARN_DOCUMENTATION_COMMENTS = YES;
				CLANG_WARN_EMPTY_BODY = YES;
				CLANG_WARN_ENUM_CONVERSION = YES;
				CLANG_WARN_INFINITE_RECURSION = YES;
				CLANG_WARN_INT_CONVERSION = YES;
				CLANG_WARN_NON_LITERAL_NULL_CONVERSION = YES;
				CLANG_WARN_OBJC_LITERAL_CONVERSION = YES;
				CLANG_WARN_OBJC_ROOT_CLASS = YES_ERROR;
				CLANG_WARN_RANGE_LOOP_ANALYSIS = YES;
				CLANG_WARN_STRICT_PROTOTYPES = YES;
				CLANG_WARN_SUSPICIOUS_MOVE = YES;
				CLANG_WARN_UNGUARDED_AVAILABILITY = YES_AGGRESSIVE;
				CLANG_WARN_UNREACHABLE_CODE = YES;
				CLANG_WARN__DUPLICATE_METHOD_MATCH = YES;
				CODE_SIGN_IDENTITY = "iPhone Developer";
				COPY_PHASE_STRIP = NO;
				DEBUG_INFORMATION_FORMAT = "dwarf-with-dsym";
				ENABLE_NS_ASSERTIONS = NO;
				ENABLE_STRICT_OBJC_MSGSEND = YES;
				GCC_C_LANGUAGE_STANDARD = gnu11;
				GCC_NO_COMMON_BLOCKS = YES;
				GCC_WARN_64_TO_32_BIT_CONVERSION = YES;
				GCC_WARN_ABOUT_RETURN_TYPE = YES_ERROR;
				GCC_WARN_UNDECLARED_SELECTOR = YES;
				GCC_WARN_UNINITIALIZED_AUTOS = YES_AGGRESSIVE;
				GCC_WARN_UNUSED_FUNCTION = YES;
				GCC_WARN_UNUSED_VARIABLE = YES;
				IPHONEOS_DEPLOYMENT_TARGET = 11.2;
				MTL_ENABLE_DEBUG_INFO = NO;
				SDKROOT = iphoneos;
				SWIFT_OPTIMIZATION_LEVEL = "-Owholemodule";
				VALIDATE_PRODUCT = YES;
			};
			name = Release;
		};
		07FDE4412018140A00A674FE /* Debug */ = {
			isa = XCBuildConfiguration;
			buildSettings = {
				ASSETCATALOG_COMPILER_APPICON_NAME = AppIcon;
				CODE_SIGN_STYLE = Automatic;
				DEVELOPMENT_TEAM = J8B74FCZCC;
				INFOPLIST_FILE = chess/Info.plist;
				LD_RUNPATH_SEARCH_PATHS = "$(inherited) @executable_path/Frameworks";
				PRODUCT_BUNDLE_IDENTIFIER = com.goldthumb.chess;
				PRODUCT_NAME = "$(TARGET_NAME)";
				SWIFT_VERSION = 4.0;
				TARGETED_DEVICE_FAMILY = "1,2";
			};
			name = Debug;
		};
		07FDE4422018140A00A674FE /* Release */ = {
			isa = XCBuildConfiguration;
			buildSettings = {
				ASSETCATALOG_COMPILER_APPICON_NAME = AppIcon;
				CODE_SIGN_STYLE = Automatic;
				DEVELOPMENT_TEAM = J8B74FCZCC;
				INFOPLIST_FILE = chess/Info.plist;
				LD_RUNPATH_SEARCH_PATHS = "$(inherited) @executable_path/Frameworks";
				PRODUCT_BUNDLE_IDENTIFIER = com.goldthumb.chess;
				PRODUCT_NAME = "$(TARGET_NAME)";
				SWIFT_VERSION = 4.0;
				TARGETED_DEVICE_FAMILY = "1,2";
			};
			name = Release;
		};
		36DF8A99201D6D0C00E0E07B /* Debug */ = {
			isa = XCBuildConfiguration;
			buildSettings = {
				BUNDLE_LOADER = "$(TEST_HOST)";
				CODE_SIGN_STYLE = Automatic;
				INFOPLIST_FILE = chessTests/Info.plist;
				LD_RUNPATH_SEARCH_PATHS = "$(inherited) @executable_path/Frameworks @loader_path/Frameworks";
				PRODUCT_BUNDLE_IDENTIFIER = com.goldthumb.chessTests;
				PRODUCT_NAME = "$(TARGET_NAME)";
				SWIFT_VERSION = 4.0;
				TARGETED_DEVICE_FAMILY = "1,2";
				TEST_HOST = "$(BUILT_PRODUCTS_DIR)/chess.app/chess";
			};
			name = Debug;
		};
		36DF8A9A201D6D0C00E0E07B /* Release */ = {
			isa = XCBuildConfiguration;
			buildSettings = {
				BUNDLE_LOADER = "$(TEST_HOST)";
				CODE_SIGN_STYLE = Automatic;
				INFOPLIST_FILE = chessTests/Info.plist;
				LD_RUNPATH_SEARCH_PATHS = "$(inherited) @executable_path/Frameworks @loader_path/Frameworks";
				PRODUCT_BUNDLE_IDENTIFIER = com.goldthumb.chessTests;
				PRODUCT_NAME = "$(TARGET_NAME)";
				SWIFT_VERSION = 4.0;
				TARGETED_DEVICE_FAMILY = "1,2";
				TEST_HOST = "$(BUILT_PRODUCTS_DIR)/chess.app/chess";
			};
			name = Release;
		};
/* End XCBuildConfiguration section */

/* Begin XCConfigurationList section */
		07FDE4292018140A00A674FE /* Build configuration list for PBXProject "chess" */ = {
			isa = XCConfigurationList;
			buildConfigurations = (
				07FDE43E2018140A00A674FE /* Debug */,
				07FDE43F2018140A00A674FE /* Release */,
			);
			defaultConfigurationIsVisible = 0;
			defaultConfigurationName = Release;
		};
		07FDE4402018140A00A674FE /* Build configuration list for PBXNativeTarget "chess" */ = {
			isa = XCConfigurationList;
			buildConfigurations = (
				07FDE4412018140A00A674FE /* Debug */,
				07FDE4422018140A00A674FE /* Release */,
			);
			defaultConfigurationIsVisible = 0;
			defaultConfigurationName = Release;
		};
		36DF8A9B201D6D0C00E0E07B /* Build configuration list for PBXNativeTarget "chessTests" */ = {
			isa = XCConfigurationList;
			buildConfigurations = (
				36DF8A99201D6D0C00E0E07B /* Debug */,
				36DF8A9A201D6D0C00E0E07B /* Release */,
			);
			defaultConfigurationIsVisible = 0;
			defaultConfigurationName = Release;
		};
/* End XCConfigurationList section */
	};
	rootObject = 07FDE4262018140A00A674FE /* Project object */;
}
